
Microsoft Visual Studio Solution File, Format Version 12.00
# Visual Studio Version 17
VisualStudioVersion = 17.2.32505.173
MinimumVisualStudioVersion = 10.0.40219.1
Project("{FAE04EC0-301F-11D3-BF4B-00C04F79EFBC}") = "The_Prototype", "The_Prototype\The_Prototype.csproj", "{99A88315-4618-4921-8409-574DA23159BE}"
EndProject
Global
	GlobalSection(SolutionConfigurationPlatforms) = preSolution
		Debug|Any CPU = Debug|Any CPU
		Release|Any CPU = Release|Any CPU
	EndGlobalSection
	GlobalSection(ProjectConfigurationPlatforms) = postSolution
		{99A88315-4618-4921-8409-574DA23159BE}.Debug|Any CPU.ActiveCfg = Debug|Any CPU
		{99A88315-4618-4921-8409-574DA23159BE}.Debug|Any CPU.Build.0 = Debug|Any CPU
		{99A88315-4618-4921-8409-574DA23159BE}.Release|Any CPU.ActiveCfg = Release|Any CPU
		{99A88315-4618-4921-8409-574DA23159BE}.Release|Any CPU.Build.0 = Release|Any CPU
	EndGlobalSection
	GlobalSection(SolutionProperties) = preSolution
		HideSolutionNode = FALSE
	EndGlobalSection
	GlobalSection(ExtensibilityGlobals) = postSolution
		SolutionGuid = {40CEFA0A-E26B-4001-AED3-B377FB097E00}
	EndGlobalSection
EndGlobal
